
Microsoft Visual Studio Solution File, Format Version 12.00
# Visual Studio 15
VisualStudioVersion = 15.0.28307.572
MinimumVisualStudioVersion = 10.0.40219.1
Project("{FAE04EC0-301F-11D3-BF4B-00C04F79EFBC}") = "Oreilly_Csharp_ch2_P98", "Oreilly_Csharp_ch2_P98\Oreilly_Csharp_ch2_P98.csproj", "{6649213F-11EB-4F4D-8093-71C7D9294619}"
EndProject
Global
	GlobalSection(SolutionConfigurationPlatforms) = preSolution
		Debug|Any CPU = Debug|Any CPU
		Release|Any CPU = Release|Any CPU
	EndGlobalSection
	GlobalSection(ProjectConfigurationPlatforms) = postSolution
		{6649213F-11EB-4F4D-8093-71C7D9294619}.Debug|Any CPU.ActiveCfg = Debug|Any CPU
		{6649213F-11EB-4F4D-8093-71C7D9294619}.Debug|Any CPU.Build.0 = Debug|Any CPU
		{6649213F-11EB-4F4D-8093-71C7D9294619}.Release|Any CPU.ActiveCfg = Release|Any CPU
		{6649213F-11EB-4F4D-8093-71C7D9294619}.Release|Any CPU.Build.0 = Release|Any CPU
	EndGlobalSection
	GlobalSection(SolutionProperties) = preSolution
		HideSolutionNode = FALSE
	EndGlobalSection
	GlobalSection(ExtensibilityGlobals) = postSolution
		SolutionGuid = {4E31C74D-3A8C-4B5F-9A91-EEE35DD6ABC4}
	EndGlobalSection
EndGlobal
